{
  "name": "CodeNeuraX",
  "version": "0.4.0",
  "lockfileVersion": 3,
  "requires": true,
  "packages": {
      "dependencies": {
        "@emotion/is-prop-valid": "latest",
        "@hookform/resolvers": "^3.9.1",
        "@radix-ui/react-accordion": "1.2.2",
        "@radix-ui/react-alert-dialog": "1.1.4",
        "@radix-ui/react-aspect-ratio": "1.1.1",
        "@radix-ui/react-avatar": "1.1.2",
        "@radix-ui/react-checkbox": "1.1.3",
        "@radix-ui/react-collapsible": "1.1.2",
        "@radix-ui/react-context-menu": "2.2.4",
        "@radix-ui/react-dialog": "1.1.4",
        "@radix-ui/react-dropdown-menu": "2.1.4",
        "@radix-ui/react-hover-card": "1.1.4",
        "@radix-ui/react-label": "2.1.1",
        "@radix-ui/react-menubar": "1.1.4",
        "@radix-ui/react-navigation-menu": "1.2.3",
        "@radix-ui/react-popover": "1.1.4",
        "@radix-ui/react-progress": "1.1.1",
        "@radix-ui/react-radio-group": "1.2.2",
        "@radix-ui/react-select": "2.1.4",
        "@radix-ui/react-separator": "1.1.2",
        "@radix-ui/react-slider": "1.2.2",
        "@radix-ui/react-slot": "1.1.2",
        "@radix-ui/react-switch": "1.1.2",
        "@radix-ui/react-tabs": "1.1.2",
        "@radix-ui/react-toast": "1.2.2",
        "@radix-ui/react-toggle": "1.1.2",
        "@radix-ui/react-toggle-group": "1.1.2",
        "@radix-ui/react-tooltip": "1.1.4",
        "@supabase/ssr": "^0.5.1",
        "@supabase/supabase-js": "^2.45.4",
        "@types/node": "^22.7.4",
        "@types/react": "^18.3.11",
        "@types/react-dom": "^18.3.0",
        "autoprefixer": "^10.4.20",
        "class-variance-authority": "^0.7.0",
        "clsx": "^2.1.1",
        "cmdk": "1.0.0",
        "date-fns": "^4.1.0",
        "embla-carousel-react": "^8.3.0",
        "eslint": "^8",
        "eslint-config-next": "14.2.13",
        "framer-motion": "^11.11.1",
        "geist": "^1.3.1",
        "lucide-react": "^0.447.0",
        "next": "14.2.13",
        "postcss": "^8.4.47",
        "react": "^18.3.1",
        "react-dom": "^18.3.1",
        "react-hook-form": "^7.53.0",
        "recharts": "^2.12.7",
        "tailwind-merge": "^2.5.2",
        "tailwindcss": "^3.4.13",
        "tailwindcss-animate": "^1.0.7",
        "typescript": "^5.6.2",
        "zod": "^3.23.8"
      },
      "devDependencies": {
        "eslint": "^8",
        "eslint-config-next": "14.2.13"
      },
      "engines": {
        "node": ">=18"
      }
    },
    "node_modules/@emotion/is-prop-valid": {
      "version": "1.3.1",
      "resolved": "https://registry.npmjs.org/@emotion/is-prop-valid/-/is-prop-valid-1.3.1.tgz",
      "integrity": "sha512-/ACwoqx7XQi9knQs/G0qKvv5teDMhD7bDpo+6ydzlqK5WQ2g2pTU/u/jbcJpIlKT3Jsq7ysVIhje7yJ2vIb7jCQ==",
      "dependencies": {
        "@emotion/memoize": "^0.9.0"
      }
    },
    "node_modules/@hookform/resolvers": {
      "version": "3.9.1",
      "resolved": "https://registry.npmjs.org/@hookform/resolvers/-/resolvers-3.9.1.tgz",
      "integrity": "sha512-ud2HqmGBM0P1VfZz2qTnOE3B2qg0Sjm4kdLbQMle4CnasEYzL/XIXT3uNXC8uJuOEm4TmHmAFdCRgANgMgNfAA==",
      "peerDependencies": {
        "react-hook-form": "^7.0.0"
      }
    },
    "node_modules/@radix-ui/react-accordion": {
      "version": "1.2.2",
      "resolved": "https://registry.npmjs.org/@radix-ui/react-accordion/-/react-accordion-1.2.2.tgz",
      "integrity": "sha512-c8L+LYqpH37d2lPLmYp2W4a6YPcQpG1+EyBHu8VGW1hzJawb25rNzWdg5U9YNfzG1aAyT7bBMz9f7PUEsxgfSA==",
      "dependencies": {
        "@radix-ui/primitive": "1.1.1",
        "@radix-ui/react-collapsible": "1.1.2",
        "@radix-ui/react-collection": "1.1.1",
        "@radix-ui/react-compose-refs": "1.1.1",
        "@radix-ui/react-context": "1.1.1",
        "@radix-ui/react-direction": "1.1.1",
        "@radix-ui/react-id": "1.1.1",
        "@radix-ui/react-primitive": "2.1.1",
        "@radix-ui/react-use-controllable-state": "1.1.1"
      },
      "peerDependencies": {
        "@types/react": "*",
        "@types/react-dom": "*",
        "react": "^16.8 || ^17.0 || ^18.0 || ^19.0 || ^19.0.0-rc",
        "react-dom": "^16.8 || ^17.0 || ^18.0 || ^19.0 || ^19.0.0-rc"
      },
      "peerDependenciesMeta": {
        "@types/react": {
          "optional": true
        },
        "@types/react-dom": {
          "optional": true
        }
      }
    },
    "node_modules/next": {
      "version": "14.2.13",
      "resolved": "https://registry.npmjs.org/next/-/next-14.2.13.tgz",
      "integrity": "sha512-BseY9qOCzByGjaDDa7ce1g5nU8Vps5pTj0tBzKVmS1/nnWZ5fUNJITF2xGN4WcG1cMa7w1r5F4G8GtLTWr7skg==",
      "dependencies": {
        "@next/env": "14.2.13",
        "@swc/helpers": "0.5.5",
        "busboy": "1.6.0",
        "caniuse-lite": "^1.0.30001579",
        "graceful-fs": "^4.2.11",
        "postcss": "8.4.31",
        "styled-jsx": "5.1.1"
      },
      "bin": {
        "next": "dist/bin/next"
      },
      "engines": {
        "node": ">=18.17.0"
      },
      "optionalDependencies": {
        "@next/swc-darwin-arm64": "14.2.13",
        "@next/swc-darwin-x64": "14.2.13",
        "@next/swc-linux-arm64-gnu": "14.2.13",
        "@next/swc-linux-arm64-musl": "14.2.13",
        "@next/swc-linux-x64-gnu": "14.2.13",
        "@next/swc-linux-x64-musl": "14.2.13",
        "@next/swc-win32-arm64-msvc": "14.2.13",
        "@next/swc-win32-ia32-msvc": "14.2.13",
        "@next/swc-win32-x64-msvc": "14.2.13"
      },
      "peerDependencies": {
        "@opentelemetry/api": "^1.1.0",
        "@playwright/test": "^1.41.2",
        "react": "^18.2.0",
        "react-dom": "^18.2.0",
        "sass": "^1.3.0"
      },
      "peerDependenciesMeta": {
        "@opentelemetry/api": {
          "optional": true
        },
        "@playwright/test": {
          "optional": true
        },
        "sass": {
          "optional": true
        }
      }
    },
    "node_modules/react": {
      "version": "18.3.1",
      "resolved": "https://registry.npmjs.org/react/-/react-18.3.1.tgz",
      "integrity": "sha512-wS+hAgJShR0KhEvPJArfuPVN1+Hz1t0Y6n5jLrGQbkb4urgPE/0Rve+1kMB1v/oWgHgm4WIcV+i7F2pTVj+2iQ==",
      "dependencies": {
        "loose-envify": "^1.1.0"
      },
      "engines": {
        "node": ">=0.10.0"
      }
    },
    "node_modules/react-dom": {
      "version": "18.3.1",
      "resolved": "https://registry.npmjs.org/react-dom/-/react-dom-18.3.1.tgz",
      "integrity": "sha512-5m4nQKp+rZRb09LNH59GM4BxTh9251/ylbKIbpe7TpGxfJ+9kv6BLkLBXIjjspbgbnIBNqlI23tRnTWT0snUIw==",
      "dependencies": {
        "loose-envify": "^1.1.0",
        "scheduler": "^0.23.2"
      },
      "peerDependencies": {
        "react": "^18.3.1"
      }
    },
    "node_modules/typescript": {
      "version": "5.6.2",
      "resolved": "https://registry.npmjs.org/typescript/-/typescript-5.6.2.tgz",
      "integrity": "sha512-NW8ByodCSNCwZeghjN3o+JX5OFH0Ojg6sadjEKY4huZ52TqbJTJnDo5+Tw98lSy63NZvi4n+ez5m2u5d4PkZyw==",
      "bin": {
        "tsc": "bin/tsc",
        "tsserver": "bin/tsserver"
      },
      "engines": {
        "node": ">=14.17"
      }
    }
  }
